
Microsoft Visual Studio Solution File, Format Version 12.00
# Visual Studio Version 17
VisualStudioVersion = 17.14.36811.4 d17.14
MinimumVisualStudioVersion = 10.0.40219.1
Project("{FAE04EC0-301F-11D3-BF4B-00C04F79EFBC}") = "View", "ContactsApp\View.csproj", "{A471C0BE-1A54-4D59-BD08-1A7E1B614A6E}"
EndProject
Global
	GlobalSection(SolutionConfigurationPlatforms) = preSolution
		Debug|Any CPU = Debug|Any CPU
		Release|Any CPU = Release|Any CPU
	EndGlobalSection
	GlobalSection(ProjectConfigurationPlatforms) = postSolution
		{A471C0BE-1A54-4D59-BD08-1A7E1B614A6E}.Debug|Any CPU.ActiveCfg = Debug|Any CPU
		{A471C0BE-1A54-4D59-BD08-1A7E1B614A6E}.Debug|Any CPU.Build.0 = Debug|Any CPU
		{A471C0BE-1A54-4D59-BD08-1A7E1B614A6E}.Release|Any CPU.ActiveCfg = Release|Any CPU
		{A471C0BE-1A54-4D59-BD08-1A7E1B614A6E}.Release|Any CPU.Build.0 = Release|Any CPU
	EndGlobalSection
	GlobalSection(SolutionProperties) = preSolution
		HideSolutionNode = FALSE
	EndGlobalSection
	GlobalSection(ExtensibilityGlobals) = postSolution
		SolutionGuid = {70519672-10BA-43C6-99EA-4942A5F461F0}
	EndGlobalSection
EndGlobal
